
Microsoft Visual Studio Solution File, Format Version 12.00
# Visual Studio Version 17
VisualStudioVersion = 17.3.32922.545
MinimumVisualStudioVersion = 10.0.40219.1
Project("{FAE04EC0-301F-11D3-BF4B-00C04F79EFBC}") = "Assignment1", "Assignment1\Assignment1.csproj", "{A8DFB9EA-8E51-4368-A5D5-D99090210A06}"
EndProject
Project("{FAE04EC0-301F-11D3-BF4B-00C04F79EFBC}") = "UnitTest", "UnitTest\UnitTest.csproj", "{6179380F-E4EC-4E6C-B5BC-B3AD4C250CE7}"
EndProject
Global
	GlobalSection(SolutionConfigurationPlatforms) = preSolution
		Debug|Any CPU = Debug|Any CPU
		Release|Any CPU = Release|Any CPU
	EndGlobalSection
	GlobalSection(ProjectConfigurationPlatforms) = postSolution
		{A8DFB9EA-8E51-4368-A5D5-D99090210A06}.Debug|Any CPU.ActiveCfg = Debug|Any CPU
		{A8DFB9EA-8E51-4368-A5D5-D99090210A06}.Debug|Any CPU.Build.0 = Debug|Any CPU
		{A8DFB9EA-8E51-4368-A5D5-D99090210A06}.Release|Any CPU.ActiveCfg = Release|Any CPU
		{A8DFB9EA-8E51-4368-A5D5-D99090210A06}.Release|Any CPU.Build.0 = Release|Any CPU
		{6179380F-E4EC-4E6C-B5BC-B3AD4C250CE7}.Debug|Any CPU.ActiveCfg = Debug|Any CPU
		{6179380F-E4EC-4E6C-B5BC-B3AD4C250CE7}.Debug|Any CPU.Build.0 = Debug|Any CPU
		{6179380F-E4EC-4E6C-B5BC-B3AD4C250CE7}.Release|Any CPU.ActiveCfg = Release|Any CPU
		{6179380F-E4EC-4E6C-B5BC-B3AD4C250CE7}.Release|Any CPU.Build.0 = Release|Any CPU
	EndGlobalSection
	GlobalSection(SolutionProperties) = preSolution
		HideSolutionNode = FALSE
	EndGlobalSection
	GlobalSection(ExtensibilityGlobals) = postSolution
		SolutionGuid = {2CAF208C-832C-4A8B-A410-DA7D1C431565}
	EndGlobalSection
EndGlobal
